// !$*UTF8*$!
{
	archiveVersion = 1;
	classes = {
	};
	objectVersion = 46;
	objects = {

/* Begin PBXBuildFile section */
		38E68DBD1C6DAA5800F51787 /* api-DefineWord.json in Resources */ = {isa = PBXBuildFile; fileRef = 38E68DBC1C6DAA5800F51787 /* api-DefineWord.json */; };
		38E68DBF1C6FBCF200F51787 /* Translation.swift in Sources */ = {isa = PBXBuildFile; fileRef = 38E68DBE1C6FBCF200F51787 /* Translation.swift */; };
		38E68DC11C6FBD8A00F51787 /* Meaning.swift in Sources */ = {isa = PBXBuildFile; fileRef = 38E68DC01C6FBD8A00F51787 /* Meaning.swift */; };
		38E68DC31C6FBDBA00F51787 /* Word.swift in Sources */ = {isa = PBXBuildFile; fileRef = 38E68DC21C6FBDBA00F51787 /* Word.swift */; };
		38E68DC71C6FF12E00F51787 /* Language.swift in Sources */ = {isa = PBXBuildFile; fileRef = 38E68DC61C6FF12E00F51787 /* Language.swift */; };
		38E68DC91C70ED5A00F51787 /* api-TranslateWord.json in Resources */ = {isa = PBXBuildFile; fileRef = 38E68DC81C70ED5A00F51787 /* api-TranslateWord.json */; };
		7EC9F4901E1AECF300B0C82F /* DVR.framework in Frameworks */ = {isa = PBXBuildFile; fileRef = 7EC9F4891E1AEC2100B0C82F /* DVR.framework */; };
		D75B9A1B1C839DBE003870AE /* api-TranslateWordNotFound.json in Resources */ = {isa = PBXBuildFile; fileRef = D75B9A1A1C839DBE003870AE /* api-TranslateWordNotFound.json */; };
		D77C65531C78359100622275 /* JSONDictionary.swift in Sources */ = {isa = PBXBuildFile; fileRef = D77C65521C78359100622275 /* JSONDictionary.swift */; };
		D77E50921D18F27A0077404E /* DVR.framework in Embed Frameworks */ = {isa = PBXBuildFile; fileRef = D77E508F1D18F1A70077404E /* DVR.framework */; settings = {ATTRIBUTES = (CodeSignOnCopy, RemoveHeadersOnCopy, ); }; };
		D78780CF1C837EC10038F177 /* Result.swift in Sources */ = {isa = PBXBuildFile; fileRef = D78780CE1C837EC10038F177 /* Result.swift */; };
		D7AF7C591C53DBC0002ADC8A /* Client.swift in Sources */ = {isa = PBXBuildFile; fileRef = D7AF7C581C53DBC0002ADC8A /* Client.swift */; };
		D7AF7C621C53E7F0002ADC8A /* SlangDefinition.swift in Sources */ = {isa = PBXBuildFile; fileRef = D7AF7C611C53E7F0002ADC8A /* SlangDefinition.swift */; };
		D7C964271C53D7E0007B7BB7 /* TranslateKit.h in Headers */ = {isa = PBXBuildFile; fileRef = D7C964261C53D7E0007B7BB7 /* TranslateKit.h */; settings = {ATTRIBUTES = (Public, ); }; };
		D7C9642E1C53D7E1007B7BB7 /* TranslateKit.framework in Frameworks */ = {isa = PBXBuildFile; fileRef = D7C964231C53D7E0007B7BB7 /* TranslateKit.framework */; };
		D7C964331C53D7E1007B7BB7 /* TranslateKitTests.swift in Sources */ = {isa = PBXBuildFile; fileRef = D7C964321C53D7E1007B7BB7 /* TranslateKitTests.swift */; };
/* End PBXBuildFile section */

/* Begin PBXContainerItemProxy section */
		7EC9F4881E1AEC2100B0C82F /* PBXContainerItemProxy */ = {
			isa = PBXContainerItemProxy;
			containerPortal = 7EC9F4811E1AEC2100B0C82F /* DVR.xcodeproj */;
			proxyType = 2;
			remoteGlobalIDString = 3647AF9B1B335D5500EF10D4;
			remoteInfo = "DVR-iOS";
		};
		7EC9F48A1E1AEC2100B0C82F /* PBXContainerItemProxy */ = {
			isa = PBXContainerItemProxy;
			containerPortal = 7EC9F4811E1AEC2100B0C82F /* DVR.xcodeproj */;
			proxyType = 2;
			remoteGlobalIDString = 3647AFA51B335D5500EF10D4;
			remoteInfo = "DVRTests-iOS";
		};
		7EC9F48C1E1AEC2100B0C82F /* PBXContainerItemProxy */ = {
			isa = PBXContainerItemProxy;
			containerPortal = 7EC9F4811E1AEC2100B0C82F /* DVR.xcodeproj */;
			proxyType = 2;
			remoteGlobalIDString = 3690A07B1B33AA3B00731222;
			remoteInfo = "DVR-OSX";
		};
		7EC9F48E1E1AEC2100B0C82F /* PBXContainerItemProxy */ = {
			isa = PBXContainerItemProxy;
			containerPortal = 7EC9F4811E1AEC2100B0C82F /* DVR.xcodeproj */;
			proxyType = 2;
			remoteGlobalIDString = 3690A0841B33AA3C00731222;
			remoteInfo = "DVRTests-OSX";
		};
		D7C9642F1C53D7E1007B7BB7 /* PBXContainerItemProxy */ = {
			isa = PBXContainerItemProxy;
			containerPortal = D7C9641A1C53D7E0007B7BB7 /* Project object */;
			proxyType = 1;
			remoteGlobalIDString = D7C964221C53D7E0007B7BB7;
			remoteInfo = TranslateKit;
		};
/* End PBXContainerItemProxy section */

/* Begin PBXCopyFilesBuildPhase section */
		D7AF7C5F1C53E445002ADC8A /* Embed Frameworks */ = {
			isa = PBXCopyFilesBuildPhase;
			buildActionMask = 2147483647;
			dstPath = "";
			dstSubfolderSpec = 10;
			files = (
			);
			name = "Embed Frameworks";
			runOnlyForDeploymentPostprocessing = 0;
		};
/* End PBXCopyFilesBuildPhase section */

/* Begin PBXFileReference section */
		38E68DBC1C6DAA5800F51787 /* api-DefineWord.json */ = {isa = PBXFileReference; fileEncoding = 4; lastKnownFileType = text.json; path = "api-DefineWord.json"; sourceTree = "<group>"; };
		38E68DBE1C6FBCF200F51787 /* Translation.swift */ = {isa = PBXFileReference; fileEncoding = 4; lastKnownFileType = sourcecode.swift; path = Translation.swift; sourceTree = "<group>"; };
		38E68DC01C6FBD8A00F51787 /* Meaning.swift */ = {isa = PBXFileReference; fileEncoding = 4; lastKnownFileType = sourcecode.swift; path = Meaning.swift; sourceTree = "<group>"; };
		38E68DC21C6FBDBA00F51787 /* Word.swift */ = {isa = PBXFileReference; fileEncoding = 4; lastKnownFileType = sourcecode.swift; path = Word.swift; sourceTree = "<group>"; };
		38E68DC61C6FF12E00F51787 /* Language.swift */ = {isa = PBXFileReference; fileEncoding = 4; lastKnownFileType = sourcecode.swift; path = Language.swift; sourceTree = "<group>"; };
		38E68DC81C70ED5A00F51787 /* api-TranslateWord.json */ = {isa = PBXFileReference; fileEncoding = 4; lastKnownFileType = text.json; path = "api-TranslateWord.json"; sourceTree = "<group>"; };
		7EC9F4811E1AEC2100B0C82F /* DVR.xcodeproj */ = {isa = PBXFileReference; lastKnownFileType = "wrapper.pb-project"; name = DVR.xcodeproj; path = Carthage/Checkouts/DVR/DVR.xcodeproj; sourceTree = "<group>"; };
		D75B9A1A1C839DBE003870AE /* api-TranslateWordNotFound.json */ = {isa = PBXFileReference; fileEncoding = 4; lastKnownFileType = text.json; path = "api-TranslateWordNotFound.json"; sourceTree = "<group>"; };
		D77C65521C78359100622275 /* JSONDictionary.swift */ = {isa = PBXFileReference; fileEncoding = 4; lastKnownFileType = sourcecode.swift; path = JSONDictionary.swift; sourceTree = "<group>"; };
		D77E508F1D18F1A70077404E /* DVR.framework */ = {isa = PBXFileReference; lastKnownFileType = wrapper.framework; name = DVR.framework; path = Carthage/Build/iOS/DVR.framework; sourceTree = "<group>"; };
		D78780CE1C837EC10038F177 /* Result.swift */ = {isa = PBXFileReference; fileEncoding = 4; lastKnownFileType = sourcecode.swift; path = Result.swift; sourceTree = "<group>"; };
		D7AF7C581C53DBC0002ADC8A /* Client.swift */ = {isa = PBXFileReference; fileEncoding = 4; lastKnownFileType = sourcecode.swift; path = Client.swift; sourceTree = "<group>"; };
		D7AF7C611C53E7F0002ADC8A /* SlangDefinition.swift */ = {isa = PBXFileReference; fileEncoding = 4; lastKnownFileType = sourcecode.swift; path = SlangDefinition.swift; sourceTree = "<group>"; };
		D7C964231C53D7E0007B7BB7 /* TranslateKit.framework */ = {isa = PBXFileReference; explicitFileType = wrapper.framework; includeInIndex = 0; path = TranslateKit.framework; sourceTree = BUILT_PRODUCTS_DIR; };
		D7C964261C53D7E0007B7BB7 /* TranslateKit.h */ = {isa = PBXFileReference; lastKnownFileType = sourcecode.c.h; path = TranslateKit.h; sourceTree = "<group>"; };
		D7C964281C53D7E0007B7BB7 /* Info.plist */ = {isa = PBXFileReference; lastKnownFileType = text.plist.xml; path = Info.plist; sourceTree = "<group>"; };
		D7C9642D1C53D7E1007B7BB7 /* TranslateKitTests.xctest */ = {isa = PBXFileReference; explicitFileType = wrapper.cfbundle; includeInIndex = 0; path = TranslateKitTests.xctest; sourceTree = BUILT_PRODUCTS_DIR; };
		D7C964321C53D7E1007B7BB7 /* TranslateKitTests.swift */ = {isa = PBXFileReference; lastKnownFileType = sourcecode.swift; path = TranslateKitTests.swift; sourceTree = "<group>"; };
		D7C964341C53D7E1007B7BB7 /* Info.plist */ = {isa = PBXFileReference; lastKnownFileType = text.plist.xml; path = Info.plist; sourceTree = "<group>"; };
/* End PBXFileReference section */

/* Begin PBXFrameworksBuildPhase section */
		D7C9641F1C53D7E0007B7BB7 /* Frameworks */ = {
			isa = PBXFrameworksBuildPhase;
			buildActionMask = 2147483647;
			files = (
				7EC9F4901E1AECF300B0C82F /* DVR.framework in Frameworks */,
			);
			runOnlyForDeploymentPostprocessing = 0;
		};
		D7C9642A1C53D7E1007B7BB7 /* Frameworks */ = {
			isa = PBXFrameworksBuildPhase;
			buildActionMask = 2147483647;
			files = (
				D7C9642E1C53D7E1007B7BB7 /* TranslateKit.framework in Frameworks */,
			);
			runOnlyForDeploymentPostprocessing = 0;
		};
/* End PBXFrameworksBuildPhase section */

/* Begin PBXGroup section */
		38E68DBB1C6DAA4900F51787 /* Cassettes */ = {
			isa = PBXGroup;
			children = (
				38E68DBC1C6DAA5800F51787 /* api-DefineWord.json */,
				38E68DC81C70ED5A00F51787 /* api-TranslateWord.json */,
				D75B9A1A1C839DBE003870AE /* api-TranslateWordNotFound.json */,
			);
			name = Cassettes;
			sourceTree = "<group>";
		};
		38E68DC41C6FBF1700F51787 /* WordReference */ = {
			isa = PBXGroup;
			children = (
				38E68DC01C6FBD8A00F51787 /* Meaning.swift */,
				38E68DBE1C6FBCF200F51787 /* Translation.swift */,
				38E68DC21C6FBDBA00F51787 /* Word.swift */,
			);
			name = WordReference;
			sourceTree = "<group>";
		};
		38E68DC51C6FE3C400F51787 /* UrbanDictionary */ = {
			isa = PBXGroup;
			children = (
				D7AF7C611C53E7F0002ADC8A /* SlangDefinition.swift */,
			);
			name = UrbanDictionary;
			sourceTree = "<group>";
		};
		7EC9F4821E1AEC2100B0C82F /* Products */ = {
			isa = PBXGroup;
			children = (
				7EC9F4891E1AEC2100B0C82F /* DVR.framework */,
				7EC9F48B1E1AEC2100B0C82F /* DVRTests-iOS.xctest */,
				7EC9F48D1E1AEC2100B0C82F /* DVR.framework */,
				7EC9F48F1E1AEC2100B0C82F /* DVRTests-OSX.xctest */,
			);
			name = Products;
			sourceTree = "<group>";
		};
		D77C65511C78357000622275 /* Protocols */ = {
			isa = PBXGroup;
			children = (
				D77C65521C78359100622275 /* JSONDictionary.swift */,
			);
			name = Protocols;
			sourceTree = "<group>";
		};
		D7AF7C551C53DB49002ADC8A /* Frameworks */ = {
			isa = PBXGroup;
			children = (
				7EC9F4811E1AEC2100B0C82F /* DVR.xcodeproj */,
			);
			name = Frameworks;
			sourceTree = "<group>";
		};
		D7AF7C561C53DB95002ADC8A /* Client */ = {
			isa = PBXGroup;
			children = (
				D7AF7C581C53DBC0002ADC8A /* Client.swift */,
			);
			name = Client;
			sourceTree = "<group>";
		};
		D7AF7C571C53DBAA002ADC8A /* Models */ = {
			isa = PBXGroup;
			children = (
				38E68DC61C6FF12E00F51787 /* Language.swift */,
				38E68DC51C6FE3C400F51787 /* UrbanDictionary */,
				38E68DC41C6FBF1700F51787 /* WordReference */,
				D78780CE1C837EC10038F177 /* Result.swift */,
			);
			name = Models;
			sourceTree = "<group>";
		};
		D7C964191C53D7E0007B7BB7 = {
			isa = PBXGroup;
			children = (
				D7C964251C53D7E0007B7BB7 /* TranslateKit */,
				D7C964311C53D7E1007B7BB7 /* TranslateKitTests */,
				D7AF7C551C53DB49002ADC8A /* Frameworks */,
				D7C964241C53D7E0007B7BB7 /* Products */,
			);
			sourceTree = "<group>";
		};
		D7C964241C53D7E0007B7BB7 /* Products */ = {
			isa = PBXGroup;
			children = (
				D7C964231C53D7E0007B7BB7 /* TranslateKit.framework */,
				D7C9642D1C53D7E1007B7BB7 /* TranslateKitTests.xctest */,
			);
			name = Products;
			sourceTree = "<group>";
		};
		D7C964251C53D7E0007B7BB7 /* TranslateKit */ = {
			isa = PBXGroup;
			children = (
				D7AF7C571C53DBAA002ADC8A /* Models */,
				D7AF7C561C53DB95002ADC8A /* Client */,
				D77C65511C78357000622275 /* Protocols */,
				D7C964261C53D7E0007B7BB7 /* TranslateKit.h */,
				D7C964281C53D7E0007B7BB7 /* Info.plist */,
			);
			path = TranslateKit;
			sourceTree = "<group>";
		};
		D7C964311C53D7E1007B7BB7 /* TranslateKitTests */ = {
			isa = PBXGroup;
			children = (
				38E68DBB1C6DAA4900F51787 /* Cassettes */,
				D7C964321C53D7E1007B7BB7 /* TranslateKitTests.swift */,
				D7C964341C53D7E1007B7BB7 /* Info.plist */,
			);
			path = TranslateKitTests;
			sourceTree = "<group>";
		};
/* End PBXGroup section */

/* Begin PBXHeadersBuildPhase section */
		D7C964201C53D7E0007B7BB7 /* Headers */ = {
			isa = PBXHeadersBuildPhase;
			buildActionMask = 2147483647;
			files = (
				D7C964271C53D7E0007B7BB7 /* TranslateKit.h in Headers */,
			);
			runOnlyForDeploymentPostprocessing = 0;
		};
/* End PBXHeadersBuildPhase section */

/* Begin PBXNativeTarget section */
		D7C964221C53D7E0007B7BB7 /* TranslateKit */ = {
			isa = PBXNativeTarget;
			buildConfigurationList = D7C964371C53D7E1007B7BB7 /* Build configuration list for PBXNativeTarget "TranslateKit" */;
			buildPhases = (
				D7C9641E1C53D7E0007B7BB7 /* Sources */,
				D7C9641F1C53D7E0007B7BB7 /* Frameworks */,
				D7C964201C53D7E0007B7BB7 /* Headers */,
				D7C964211C53D7E0007B7BB7 /* Resources */,
			);
			buildRules = (
			);
			dependencies = (
			);
			name = TranslateKit;
			productName = TranslateKit;
			productReference = D7C964231C53D7E0007B7BB7 /* TranslateKit.framework */;
			productType = "com.apple.product-type.framework";
		};
		D7C9642C1C53D7E1007B7BB7 /* TranslateKitTests */ = {
			isa = PBXNativeTarget;
			buildConfigurationList = D7C9643A1C53D7E1007B7BB7 /* Build configuration list for PBXNativeTarget "TranslateKitTests" */;
			buildPhases = (
				D7C964291C53D7E1007B7BB7 /* Sources */,
				D7C9642A1C53D7E1007B7BB7 /* Frameworks */,
				D7C9642B1C53D7E1007B7BB7 /* Resources */,
				D7AF7C5F1C53E445002ADC8A /* Embed Frameworks */,
			);
			buildRules = (
			);
			dependencies = (
				D7C964301C53D7E1007B7BB7 /* PBXTargetDependency */,
			);
			name = TranslateKitTests;
			productName = TranslateKitTests;
			productReference = D7C9642D1C53D7E1007B7BB7 /* TranslateKitTests.xctest */;
			productType = "com.apple.product-type.bundle.unit-test";
		};
/* End PBXNativeTarget section */

/* Begin PBXProject section */
		D7C9641A1C53D7E0007B7BB7 /* Project object */ = {
			isa = PBXProject;
			attributes = {
				LastSwiftUpdateCheck = 0710;
				LastUpgradeCheck = 0710;
				ORGANIZATIONNAME = weTranslate;
				TargetAttributes = {
					D7C964221C53D7E0007B7BB7 = {
						CreatedOnToolsVersion = 7.1.1;
						DevelopmentTeam = 55M9M2TX7A;
					};
					D7C9642C1C53D7E1007B7BB7 = {
						CreatedOnToolsVersion = 7.1.1;
					};
				};
			};
			buildConfigurationList = D7C9641D1C53D7E0007B7BB7 /* Build configuration list for PBXProject "TranslateKit" */;
			compatibilityVersion = "Xcode 3.2";
			developmentRegion = English;
			hasScannedForEncodings = 0;
			knownRegions = (
				en,
			);
			mainGroup = D7C964191C53D7E0007B7BB7;
			productRefGroup = D7C964241C53D7E0007B7BB7 /* Products */;
			projectDirPath = "";
			projectReferences = (
				{
					ProductGroup = 7EC9F4821E1AEC2100B0C82F /* Products */;
					ProjectRef = 7EC9F4811E1AEC2100B0C82F /* DVR.xcodeproj */;
				},
			);
			projectRoot = "";
			targets = (
				D7C964221C53D7E0007B7BB7 /* TranslateKit */,
				D7C9642C1C53D7E1007B7BB7 /* TranslateKitTests */,
			);
		};
/* End PBXProject section */

/* Begin PBXReferenceProxy section */
		7EC9F4891E1AEC2100B0C82F /* DVR.framework */ = {
			isa = PBXReferenceProxy;
			fileType = wrapper.framework;
			path = DVR.framework;
			remoteRef = 7EC9F4881E1AEC2100B0C82F /* PBXContainerItemProxy */;
			sourceTree = BUILT_PRODUCTS_DIR;
		};
		7EC9F48B1E1AEC2100B0C82F /* DVRTests-iOS.xctest */ = {
			isa = PBXReferenceProxy;
			fileType = wrapper.cfbundle;
			path = "DVRTests-iOS.xctest";
			remoteRef = 7EC9F48A1E1AEC2100B0C82F /* PBXContainerItemProxy */;
			sourceTree = BUILT_PRODUCTS_DIR;
		};
		7EC9F48D1E1AEC2100B0C82F /* DVR.framework */ = {
			isa = PBXReferenceProxy;
			fileType = wrapper.framework;
			path = DVR.framework;
			remoteRef = 7EC9F48C1E1AEC2100B0C82F /* PBXContainerItemProxy */;
			sourceTree = BUILT_PRODUCTS_DIR;
		};
		7EC9F48F1E1AEC2100B0C82F /* DVRTests-OSX.xctest */ = {
			isa = PBXReferenceProxy;
			fileType = wrapper.cfbundle;
			path = "DVRTests-OSX.xctest";
			remoteRef = 7EC9F48E1E1AEC2100B0C82F /* PBXContainerItemProxy */;
			sourceTree = BUILT_PRODUCTS_DIR;
		};
/* End PBXReferenceProxy section */

/* Begin PBXResourcesBuildPhase section */
		D7C964211C53D7E0007B7BB7 /* Resources */ = {
			isa = PBXResourcesBuildPhase;
			buildActionMask = 2147483647;
			files = (
			);
			runOnlyForDeploymentPostprocessing = 0;
		};
		D7C9642B1C53D7E1007B7BB7 /* Resources */ = {
			isa = PBXResourcesBuildPhase;
			buildActionMask = 2147483647;
			files = (
				D75B9A1B1C839DBE003870AE /* api-TranslateWordNotFound.json in Resources */,
				38E68DBD1C6DAA5800F51787 /* api-DefineWord.json in Resources */,
				38E68DC91C70ED5A00F51787 /* api-TranslateWord.json in Resources */,
			);
			runOnlyForDeploymentPostprocessing = 0;
		};
/* End PBXResourcesBuildPhase section */

/* Begin PBXSourcesBuildPhase section */
		D7C9641E1C53D7E0007B7BB7 /* Sources */ = {
			isa = PBXSourcesBuildPhase;
			buildActionMask = 2147483647;
			files = (
				D7AF7C621C53E7F0002ADC8A /* SlangDefinition.swift in Sources */,
				D7AF7C591C53DBC0002ADC8A /* Client.swift in Sources */,
				38E68DC31C6FBDBA00F51787 /* Word.swift in Sources */,
				38E68DC71C6FF12E00F51787 /* Language.swift in Sources */,
				D77C65531C78359100622275 /* JSONDictionary.swift in Sources */,
				38E68DBF1C6FBCF200F51787 /* Translation.swift in Sources */,
				D78780CF1C837EC10038F177 /* Result.swift in Sources */,
				38E68DC11C6FBD8A00F51787 /* Meaning.swift in Sources */,
			);
			runOnlyForDeploymentPostprocessing = 0;
		};
		D7C964291C53D7E1007B7BB7 /* Sources */ = {
			isa = PBXSourcesBuildPhase;
			buildActionMask = 2147483647;
			files = (
				D7C964331C53D7E1007B7BB7 /* TranslateKitTests.swift in Sources */,
			);
			runOnlyForDeploymentPostprocessing = 0;
		};
/* End PBXSourcesBuildPhase section */

/* Begin PBXTargetDependency section */
		D7C964301C53D7E1007B7BB7 /* PBXTargetDependency */ = {
			isa = PBXTargetDependency;
			target = D7C964221C53D7E0007B7BB7 /* TranslateKit */;
			targetProxy = D7C9642F1C53D7E1007B7BB7 /* PBXContainerItemProxy */;
		};
/* End PBXTargetDependency section */

/* Begin XCBuildConfiguration section */
		D7C964351C53D7E1007B7BB7 /* Debug */ = {
			isa = XCBuildConfiguration;
			buildSettings = {
				ALWAYS_SEARCH_USER_PATHS = NO;
				CLANG_CXX_LANGUAGE_STANDARD = "gnu++0x";
				CLANG_CXX_LIBRARY = "libc++";
				CLANG_ENABLE_MODULES = YES;
				CLANG_ENABLE_OBJC_ARC = YES;
				CLANG_WARN_BOOL_CONVERSION = YES;
				CLANG_WARN_CONSTANT_CONVERSION = YES;
				CLANG_WARN_DIRECT_OBJC_ISA_USAGE = YES_ERROR;
				CLANG_WARN_EMPTY_BODY = YES;
				CLANG_WARN_ENUM_CONVERSION = YES;
				CLANG_WARN_INT_CONVERSION = YES;
				CLANG_WARN_OBJC_ROOT_CLASS = YES_ERROR;
				CLANG_WARN_UNREACHABLE_CODE = YES;
				CLANG_WARN__DUPLICATE_METHOD_MATCH = YES;
				"CODE_SIGN_IDENTITY[sdk=iphoneos*]" = "iPhone Developer";
				COPY_PHASE_STRIP = NO;
				CURRENT_PROJECT_VERSION = 1;
				DEBUG_INFORMATION_FORMAT = dwarf;
				ENABLE_STRICT_OBJC_MSGSEND = YES;
				ENABLE_TESTABILITY = YES;
				GCC_C_LANGUAGE_STANDARD = gnu99;
				GCC_DYNAMIC_NO_PIC = NO;
				GCC_NO_COMMON_BLOCKS = YES;
				GCC_OPTIMIZATION_LEVEL = 0;
				GCC_PREPROCESSOR_DEFINITIONS = (
					"DEBUG=1",
					"$(inherited)",
				);
				GCC_WARN_64_TO_32_BIT_CONVERSION = YES;
				GCC_WARN_ABOUT_RETURN_TYPE = YES_ERROR;
				GCC_WARN_UNDECLARED_SELECTOR = YES;
				GCC_WARN_UNINITIALIZED_AUTOS = YES_AGGRESSIVE;
				GCC_WARN_UNUSED_FUNCTION = YES;
				GCC_WARN_UNUSED_VARIABLE = YES;
				IPHONEOS_DEPLOYMENT_TARGET = 9.1;
				MTL_ENABLE_DEBUG_INFO = YES;
				ONLY_ACTIVE_ARCH = YES;
				SDKROOT = iphoneos;
				SWIFT_OPTIMIZATION_LEVEL = "-Onone";
				TARGETED_DEVICE_FAMILY = "1,2";
				VERSIONING_SYSTEM = "apple-generic";
				VERSION_INFO_PREFIX = "";
			};
			name = Debug;
		};
		D7C964361C53D7E1007B7BB7 /* Release */ = {
			isa = XCBuildConfiguration;
			buildSettings = {
				ALWAYS_SEARCH_USER_PATHS = NO;
				CLANG_CXX_LANGUAGE_STANDARD = "gnu++0x";
				CLANG_CXX_LIBRARY = "libc++";
				CLANG_ENABLE_MODULES = YES;
				CLANG_ENABLE_OBJC_ARC = YES;
				CLANG_WARN_BOOL_CONVERSION = YES;
				CLANG_WARN_CONSTANT_CONVERSION = YES;
				CLANG_WARN_DIRECT_OBJC_ISA_USAGE = YES_ERROR;
				CLANG_WARN_EMPTY_BODY = YES;
				CLANG_WARN_ENUM_CONVERSION = YES;
				CLANG_WARN_INT_CONVERSION = YES;
				CLANG_WARN_OBJC_ROOT_CLASS = YES_ERROR;
				CLANG_WARN_UNREACHABLE_CODE = YES;
				CLANG_WARN__DUPLICATE_METHOD_MATCH = YES;
				"CODE_SIGN_IDENTITY[sdk=iphoneos*]" = "iPhone Developer";
				COPY_PHASE_STRIP = NO;
				CURRENT_PROJECT_VERSION = 1;
				DEBUG_INFORMATION_FORMAT = "dwarf-with-dsym";
				ENABLE_NS_ASSERTIONS = NO;
				ENABLE_STRICT_OBJC_MSGSEND = YES;
				GCC_C_LANGUAGE_STANDARD = gnu99;
				GCC_NO_COMMON_BLOCKS = YES;
				GCC_WARN_64_TO_32_BIT_CONVERSION = YES;
				GCC_WARN_ABOUT_RETURN_TYPE = YES_ERROR;
				GCC_WARN_UNDECLARED_SELECTOR = YES;
				GCC_WARN_UNINITIALIZED_AUTOS = YES_AGGRESSIVE;
				GCC_WARN_UNUSED_FUNCTION = YES;
				GCC_WARN_UNUSED_VARIABLE = YES;
				IPHONEOS_DEPLOYMENT_TARGET = 9.1;
				MTL_ENABLE_DEBUG_INFO = NO;
				SDKROOT = iphoneos;
				TARGETED_DEVICE_FAMILY = "1,2";
				VALIDATE_PRODUCT = YES;
				VERSIONING_SYSTEM = "apple-generic";
				VERSION_INFO_PREFIX = "";
			};
			name = Release;
		};
		D7C964381C53D7E1007B7BB7 /* Debug */ = {
			isa = XCBuildConfiguration;
			buildSettings = {
				CLANG_ENABLE_MODULES = YES;
				CODE_SIGN_IDENTITY = "iPhone Developer";
				"CODE_SIGN_IDENTITY[sdk=iphoneos*]" = "iPhone Developer";
				DEFINES_MODULE = YES;
				DYLIB_COMPATIBILITY_VERSION = 1;
				DYLIB_CURRENT_VERSION = 1;
				DYLIB_INSTALL_NAME_BASE = "@rpath";
				FRAMEWORK_SEARCH_PATHS = (
					"$(inherited)",
					"$(PROJECT_DIR)/Carthage/Build/iOS",
				);
				INFOPLIST_FILE = TranslateKit/Info.plist;
				INSTALL_PATH = "$(LOCAL_LIBRARY_DIR)/Frameworks";
				LD_RUNPATH_SEARCH_PATHS = "$(inherited) @executable_path/Frameworks @loader_path/Frameworks";
				PRODUCT_BUNDLE_IDENTIFIER = com.wetranslate.TranslateKit;
				PRODUCT_NAME = "$(TARGET_NAME)";
				PROVISIONING_PROFILE = "";
				SKIP_INSTALL = YES;
				SWIFT_OPTIMIZATION_LEVEL = "-Onone";
				SWIFT_VERSION = 2.3;
			};
			name = Debug;
		};
		D7C964391C53D7E1007B7BB7 /* Release */ = {
			isa = XCBuildConfiguration;
			buildSettings = {
				CLANG_ENABLE_MODULES = YES;
				CODE_SIGN_IDENTITY = "iPhone Developer";
				"CODE_SIGN_IDENTITY[sdk=iphoneos*]" = "iPhone Developer";
				DEFINES_MODULE = YES;
				DYLIB_COMPATIBILITY_VERSION = 1;
				DYLIB_CURRENT_VERSION = 1;
				DYLIB_INSTALL_NAME_BASE = "@rpath";
				FRAMEWORK_SEARCH_PATHS = (
					"$(inherited)",
					"$(PROJECT_DIR)/Carthage/Build/iOS",
				);
				INFOPLIST_FILE = TranslateKit/Info.plist;
				INSTALL_PATH = "$(LOCAL_LIBRARY_DIR)/Frameworks";
				LD_RUNPATH_SEARCH_PATHS = "$(inherited) @executable_path/Frameworks @loader_path/Frameworks";
				PRODUCT_BUNDLE_IDENTIFIER = com.wetranslate.TranslateKit;
				PRODUCT_NAME = "$(TARGET_NAME)";
				PROVISIONING_PROFILE = "";
				SKIP_INSTALL = YES;
				SWIFT_VERSION = 2.3;
			};
			name = Release;
		};
		D7C9643B1C53D7E1007B7BB7 /* Debug */ = {
			isa = XCBuildConfiguration;
			buildSettings = {
				FRAMEWORK_SEARCH_PATHS = (
					"$(inherited)",
					"$(PROJECT_DIR)/Carthage/Build/iOS",
				);
				INFOPLIST_FILE = TranslateKitTests/Info.plist;
				LD_RUNPATH_SEARCH_PATHS = "$(inherited) @executable_path/Frameworks @loader_path/Frameworks";
				PRODUCT_BUNDLE_IDENTIFIER = com.wetranslate.TranslateKitTests;
				PRODUCT_NAME = "$(TARGET_NAME)";
				SWIFT_VERSION = 2.3;
			};
			name = Debug;
		};
		D7C9643C1C53D7E1007B7BB7 /* Release */ = {
			isa = XCBuildConfiguration;
			buildSettings = {
				FRAMEWORK_SEARCH_PATHS = (
					"$(inherited)",
					"$(PROJECT_DIR)/Carthage/Build/iOS",
				);
				INFOPLIST_FILE = TranslateKitTests/Info.plist;
				LD_RUNPATH_SEARCH_PATHS = "$(inherited) @executable_path/Frameworks @loader_path/Frameworks";
				PRODUCT_BUNDLE_IDENTIFIER = com.wetranslate.TranslateKitTests;
				PRODUCT_NAME = "$(TARGET_NAME)";
				SWIFT_VERSION = 2.3;
			};
			name = Release;
		};
/* End XCBuildConfiguration section */

/* Begin XCConfigurationList section */
		D7C9641D1C53D7E0007B7BB7 /* Build configuration list for PBXProject "TranslateKit" */ = {
			isa = XCConfigurationList;
			buildConfigurations = (
				D7C964351C53D7E1007B7BB7 /* Debug */,
				D7C964361C53D7E1007B7BB7 /* Release */,
			);
			defaultConfigurationIsVisible = 0;
			defaultConfigurationName = Release;
		};
		D7C964371C53D7E1007B7BB7 /* Build configuration list for PBXNativeTarget "TranslateKit" */ = {
			isa = XCConfigurationList;
			buildConfigurations = (
				D7C964381C53D7E1007B7BB7 /* Debug */,
				D7C964391C53D7E1007B7BB7 /* Release */,
			);
			defaultConfigurationIsVisible = 0;
			defaultConfigurationName = Release;
		};
		D7C9643A1C53D7E1007B7BB7 /* Build configuration list for PBXNativeTarget "TranslateKitTests" */ = {
			isa = XCConfigurationList;
			buildConfigurations = (
				D7C9643B1C53D7E1007B7BB7 /* Debug */,
				D7C9643C1C53D7E1007B7BB7 /* Release */,
			);
			defaultConfigurationIsVisible = 0;
			defaultConfigurationName = Release;
		};
/* End XCConfigurationList section */
	};
	rootObject = D7C9641A1C53D7E0007B7BB7 /* Project object */;
}
